
Microsoft Visual Studio Solution File, Format Version 12.00
# Visual Studio 2013
VisualStudioVersion = 12.0.31101.0
MinimumVisualStudioVersion = 10.0.40219.1
Project("{8BC9CEB8-8B4A-11D0-8D11-00A0C91BC942}") = "Immato", "Immato\Immato.vcxproj", "{1EFA791D-A584-4A70-AE9B-E0C2543B58F4}"
EndProject
Project("{2150E333-8FDC-42A3-9474-1A3956D46DE8}") = "ImmatoGUI", "ImmatoGUI", "{2361AFD2-BC74-4D2B-947D-DD0FD9E931CD}"
EndProject
Project("{8BC9CEB8-8B4A-11D0-8D11-00A0C91BC942}") = "ImmatoGUI.Shared", "ImmatoGUI\ImmatoGUI.Shared\ImmatoGUI.Shared.vcxitems", "{188F51BD-AAEA-48BF-B2C4-83BD35CD7B1A}"
EndProject
Project("{8BC9CEB8-8B4A-11D0-8D11-00A0C91BC942}") = "ImmatoGUI.Windows", "ImmatoGUI\ImmatoGUI.Windows\ImmatoGUI.Windows.vcxproj", "{68D5A0F1-3E4C-4C32-AFEF-86929EC56882}"
EndProject
Project("{8BC9CEB8-8B4A-11D0-8D11-00A0C91BC942}") = "ImmatoGUI.WindowsPhone", "ImmatoGUI\ImmatoGUI.WindowsPhone\ImmatoGUI.WindowsPhone.vcxproj", "{920C9781-CF6F-40E1-AA14-716ABCA4D10A}"
EndProject
Project("{8BC9CEB8-8B4A-11D0-8D11-00A0C91BC942}") = "ImmatoCUDA", "ImmatoCUDA\ImmatoCUDA.vcxproj", "{467737C9-2CB8-4F27-9309-F1967D88F2B9}"
EndProject
Project("{8BC9CEB8-8B4A-11D0-8D11-00A0C91BC942}") = "ImmatoOCL", "ImmatoOCL\ImmatoOCL.vcxproj", "{4E481AB7-88F9-4D62-8466-2CEC52FC8397}"
EndProject
Project("{8BC9CEB8-8B4A-11D0-8D11-00A0C91BC942}") = "ImmatoCUDNN", "ImmatoCUDNN\ImmatoCUDNN.vcxproj", "{1E9F345E-252A-4ECE-BA0B-0B587306838F}"
EndProject
Global
	GlobalSection(SolutionConfigurationPlatforms) = preSolution
		Debug|ARM = Debug|ARM
		Debug|Mixed Platforms = Debug|Mixed Platforms
		Debug|Win32 = Debug|Win32
		Debug|x64 = Debug|x64
		Release|ARM = Release|ARM
		Release|Mixed Platforms = Release|Mixed Platforms
		Release|Win32 = Release|Win32
		Release|x64 = Release|x64
	EndGlobalSection
	GlobalSection(ProjectConfigurationPlatforms) = postSolution
		{1EFA791D-A584-4A70-AE9B-E0C2543B58F4}.Debug|ARM.ActiveCfg = Debug|Win32
		{1EFA791D-A584-4A70-AE9B-E0C2543B58F4}.Debug|Mixed Platforms.ActiveCfg = Debug|Win32
		{1EFA791D-A584-4A70-AE9B-E0C2543B58F4}.Debug|Mixed Platforms.Build.0 = Debug|Win32
		{1EFA791D-A584-4A70-AE9B-E0C2543B58F4}.Debug|Win32.ActiveCfg = Debug|Win32
		{1EFA791D-A584-4A70-AE9B-E0C2543B58F4}.Debug|Win32.Build.0 = Debug|Win32
		{1EFA791D-A584-4A70-AE9B-E0C2543B58F4}.Debug|x64.ActiveCfg = Debug|x64
		{1EFA791D-A584-4A70-AE9B-E0C2543B58F4}.Debug|x64.Build.0 = Debug|x64
		{1EFA791D-A584-4A70-AE9B-E0C2543B58F4}.Release|ARM.ActiveCfg = Release|Win32
		{1EFA791D-A584-4A70-AE9B-E0C2543B58F4}.Release|Mixed Platforms.ActiveCfg = Release|Win32
		{1EFA791D-A584-4A70-AE9B-E0C2543B58F4}.Release|Mixed Platforms.Build.0 = Release|Win32
		{1EFA791D-A584-4A70-AE9B-E0C2543B58F4}.Release|Win32.ActiveCfg = Release|Win32
		{1EFA791D-A584-4A70-AE9B-E0C2543B58F4}.Release|Win32.Build.0 = Release|Win32
		{1EFA791D-A584-4A70-AE9B-E0C2543B58F4}.Release|x64.ActiveCfg = Release|x64
		{1EFA791D-A584-4A70-AE9B-E0C2543B58F4}.Release|x64.Build.0 = Release|x64
		{68D5A0F1-3E4C-4C32-AFEF-86929EC56882}.Debug|ARM.ActiveCfg = Debug|ARM
		{68D5A0F1-3E4C-4C32-AFEF-86929EC56882}.Debug|ARM.Build.0 = Debug|ARM
		{68D5A0F1-3E4C-4C32-AFEF-86929EC56882}.Debug|ARM.Deploy.0 = Debug|ARM
		{68D5A0F1-3E4C-4C32-AFEF-86929EC56882}.Debug|Mixed Platforms.ActiveCfg = Debug|Win32
		{68D5A0F1-3E4C-4C32-AFEF-86929EC56882}.Debug|Mixed Platforms.Build.0 = Debug|Win32
		{68D5A0F1-3E4C-4C32-AFEF-86929EC56882}.Debug|Mixed Platforms.Deploy.0 = Debug|Win32
		{68D5A0F1-3E4C-4C32-AFEF-86929EC56882}.Debug|Win32.ActiveCfg = Debug|Win32
		{68D5A0F1-3E4C-4C32-AFEF-86929EC56882}.Debug|Win32.Build.0 = Debug|Win32
		{68D5A0F1-3E4C-4C32-AFEF-86929EC56882}.Debug|Win32.Deploy.0 = Debug|Win32
		{68D5A0F1-3E4C-4C32-AFEF-86929EC56882}.Debug|x64.ActiveCfg = Debug|x64
		{68D5A0F1-3E4C-4C32-AFEF-86929EC56882}.Debug|x64.Build.0 = Debug|x64
		{68D5A0F1-3E4C-4C32-AFEF-86929EC56882}.Debug|x64.Deploy.0 = Debug|x64
		{68D5A0F1-3E4C-4C32-AFEF-86929EC56882}.Release|ARM.ActiveCfg = Release|ARM
		{68D5A0F1-3E4C-4C32-AFEF-86929EC56882}.Release|ARM.Build.0 = Release|ARM
		{68D5A0F1-3E4C-4C32-AFEF-86929EC56882}.Release|ARM.Deploy.0 = Release|ARM
		{68D5A0F1-3E4C-4C32-AFEF-86929EC56882}.Release|Mixed Platforms.ActiveCfg = Release|Win32
		{68D5A0F1-3E4C-4C32-AFEF-86929EC56882}.Release|Mixed Platforms.Build.0 = Release|Win32
		{68D5A0F1-3E4C-4C32-AFEF-86929EC56882}.Release|Mixed Platforms.Deploy.0 = Release|Win32
		{68D5A0F1-3E4C-4C32-AFEF-86929EC56882}.Release|Win32.ActiveCfg = Release|Win32
		{68D5A0F1-3E4C-4C32-AFEF-86929EC56882}.Release|Win32.Build.0 = Release|Win32
		{68D5A0F1-3E4C-4C32-AFEF-86929EC56882}.Release|Win32.Deploy.0 = Release|Win32
		{68D5A0F1-3E4C-4C32-AFEF-86929EC56882}.Release|x64.ActiveCfg = Release|x64
		{68D5A0F1-3E4C-4C32-AFEF-86929EC56882}.Release|x64.Build.0 = Release|x64
		{68D5A0F1-3E4C-4C32-AFEF-86929EC56882}.Release|x64.Deploy.0 = Release|x64
		{920C9781-CF6F-40E1-AA14-716ABCA4D10A}.Debug|ARM.ActiveCfg = Debug|ARM
		{920C9781-CF6F-40E1-AA14-716ABCA4D10A}.Debug|ARM.Build.0 = Debug|ARM
		{920C9781-CF6F-40E1-AA14-716ABCA4D10A}.Debug|ARM.Deploy.0 = Debug|ARM
		{920C9781-CF6F-40E1-AA14-716ABCA4D10A}.Debug|Mixed Platforms.ActiveCfg = Debug|Win32
		{920C9781-CF6F-40E1-AA14-716ABCA4D10A}.Debug|Mixed Platforms.Build.0 = Debug|Win32
		{920C9781-CF6F-40E1-AA14-716ABCA4D10A}.Debug|Mixed Platforms.Deploy.0 = Debug|Win32
		{920C9781-CF6F-40E1-AA14-716ABCA4D10A}.Debug|Win32.ActiveCfg = Debug|Win32
		{920C9781-CF6F-40E1-AA14-716ABCA4D10A}.Debug|Win32.Build.0 = Debug|Win32
		{920C9781-CF6F-40E1-AA14-716ABCA4D10A}.Debug|Win32.Deploy.0 = Debug|Win32
		{920C9781-CF6F-40E1-AA14-716ABCA4D10A}.Debug|x64.ActiveCfg = Debug|Win32
		{920C9781-CF6F-40E1-AA14-716ABCA4D10A}.Release|ARM.ActiveCfg = Release|ARM
		{920C9781-CF6F-40E1-AA14-716ABCA4D10A}.Release|ARM.Build.0 = Release|ARM
		{920C9781-CF6F-40E1-AA14-716ABCA4D10A}.Release|ARM.Deploy.0 = Release|ARM
		{920C9781-CF6F-40E1-AA14-716ABCA4D10A}.Release|Mixed Platforms.ActiveCfg = Release|Win32
		{920C9781-CF6F-40E1-AA14-716ABCA4D10A}.Release|Mixed Platforms.Build.0 = Release|Win32
		{920C9781-CF6F-40E1-AA14-716ABCA4D10A}.Release|Mixed Platforms.Deploy.0 = Release|Win32
		{920C9781-CF6F-40E1-AA14-716ABCA4D10A}.Release|Win32.ActiveCfg = Release|Win32
		{920C9781-CF6F-40E1-AA14-716ABCA4D10A}.Release|Win32.Build.0 = Release|Win32
		{920C9781-CF6F-40E1-AA14-716ABCA4D10A}.Release|Win32.Deploy.0 = Release|Win32
		{920C9781-CF6F-40E1-AA14-716ABCA4D10A}.Release|x64.ActiveCfg = Release|Win32
		{467737C9-2CB8-4F27-9309-F1967D88F2B9}.Debug|ARM.ActiveCfg = Debug|Win32
		{467737C9-2CB8-4F27-9309-F1967D88F2B9}.Debug|Mixed Platforms.ActiveCfg = Debug|Win32
		{467737C9-2CB8-4F27-9309-F1967D88F2B9}.Debug|Mixed Platforms.Build.0 = Debug|Win32
		{467737C9-2CB8-4F27-9309-F1967D88F2B9}.Debug|Win32.ActiveCfg = Debug|Win32
		{467737C9-2CB8-4F27-9309-F1967D88F2B9}.Debug|Win32.Build.0 = Debug|Win32
		{467737C9-2CB8-4F27-9309-F1967D88F2B9}.Debug|x64.ActiveCfg = Debug|x64
		{467737C9-2CB8-4F27-9309-F1967D88F2B9}.Debug|x64.Build.0 = Debug|x64
		{467737C9-2CB8-4F27-9309-F1967D88F2B9}.Release|ARM.ActiveCfg = Release|Win32
		{467737C9-2CB8-4F27-9309-F1967D88F2B9}.Release|Mixed Platforms.ActiveCfg = Release|Win32
		{467737C9-2CB8-4F27-9309-F1967D88F2B9}.Release|Mixed Platforms.Build.0 = Release|Win32
		{467737C9-2CB8-4F27-9309-F1967D88F2B9}.Release|Win32.ActiveCfg = Release|Win32
		{467737C9-2CB8-4F27-9309-F1967D88F2B9}.Release|Win32.Build.0 = Release|Win32
		{467737C9-2CB8-4F27-9309-F1967D88F2B9}.Release|x64.ActiveCfg = Release|x64
		{467737C9-2CB8-4F27-9309-F1967D88F2B9}.Release|x64.Build.0 = Release|x64
		{4E481AB7-88F9-4D62-8466-2CEC52FC8397}.Debug|ARM.ActiveCfg = Debug|Win32
		{4E481AB7-88F9-4D62-8466-2CEC52FC8397}.Debug|Mixed Platforms.ActiveCfg = Debug|Win32
		{4E481AB7-88F9-4D62-8466-2CEC52FC8397}.Debug|Mixed Platforms.Build.0 = Debug|Win32
		{4E481AB7-88F9-4D62-8466-2CEC52FC8397}.Debug|Win32.ActiveCfg = Debug|Win32
		{4E481AB7-88F9-4D62-8466-2CEC52FC8397}.Debug|Win32.Build.0 = Debug|Win32
		{4E481AB7-88F9-4D62-8466-2CEC52FC8397}.Debug|x64.ActiveCfg = Debug|x64
		{4E481AB7-88F9-4D62-8466-2CEC52FC8397}.Debug|x64.Build.0 = Debug|x64
		{4E481AB7-88F9-4D62-8466-2CEC52FC8397}.Release|ARM.ActiveCfg = Release|Win32
		{4E481AB7-88F9-4D62-8466-2CEC52FC8397}.Release|Mixed Platforms.ActiveCfg = Release|Win32
		{4E481AB7-88F9-4D62-8466-2CEC52FC8397}.Release|Mixed Platforms.Build.0 = Release|Win32
		{4E481AB7-88F9-4D62-8466-2CEC52FC8397}.Release|Win32.ActiveCfg = Release|Win32
		{4E481AB7-88F9-4D62-8466-2CEC52FC8397}.Release|Win32.Build.0 = Release|Win32
		{4E481AB7-88F9-4D62-8466-2CEC52FC8397}.Release|x64.ActiveCfg = Release|x64
		{4E481AB7-88F9-4D62-8466-2CEC52FC8397}.Release|x64.Build.0 = Release|x64
		{1E9F345E-252A-4ECE-BA0B-0B587306838F}.Debug|ARM.ActiveCfg = Debug|Win32
		{1E9F345E-252A-4ECE-BA0B-0B587306838F}.Debug|Mixed Platforms.ActiveCfg = Debug|Win32
		{1E9F345E-252A-4ECE-BA0B-0B587306838F}.Debug|Mixed Platforms.Build.0 = Debug|Win32
		{1E9F345E-252A-4ECE-BA0B-0B587306838F}.Debug|Win32.ActiveCfg = Debug|Win32
		{1E9F345E-252A-4ECE-BA0B-0B587306838F}.Debug|Win32.Build.0 = Debug|Win32
		{1E9F345E-252A-4ECE-BA0B-0B587306838F}.Debug|x64.ActiveCfg = Debug|x64
		{1E9F345E-252A-4ECE-BA0B-0B587306838F}.Debug|x64.Build.0 = Debug|x64
		{1E9F345E-252A-4ECE-BA0B-0B587306838F}.Release|ARM.ActiveCfg = Release|Win32
		{1E9F345E-252A-4ECE-BA0B-0B587306838F}.Release|Mixed Platforms.ActiveCfg = Release|Win32
		{1E9F345E-252A-4ECE-BA0B-0B587306838F}.Release|Mixed Platforms.Build.0 = Release|Win32
		{1E9F345E-252A-4ECE-BA0B-0B587306838F}.Release|Win32.ActiveCfg = Release|Win32
		{1E9F345E-252A-4ECE-BA0B-0B587306838F}.Release|Win32.Build.0 = Release|Win32
		{1E9F345E-252A-4ECE-BA0B-0B587306838F}.Release|x64.ActiveCfg = Release|x64
		{1E9F345E-252A-4ECE-BA0B-0B587306838F}.Release|x64.Build.0 = Release|x64
	EndGlobalSection
	GlobalSection(SolutionProperties) = preSolution
		HideSolutionNode = FALSE
	EndGlobalSection
	GlobalSection(NestedProjects) = preSolution
		{188F51BD-AAEA-48BF-B2C4-83BD35CD7B1A} = {2361AFD2-BC74-4D2B-947D-DD0FD9E931CD}
		{68D5A0F1-3E4C-4C32-AFEF-86929EC56882} = {2361AFD2-BC74-4D2B-947D-DD0FD9E931CD}
		{920C9781-CF6F-40E1-AA14-716ABCA4D10A} = {2361AFD2-BC74-4D2B-947D-DD0FD9E931CD}
	EndGlobalSection
EndGlobal
